// !$*UTF8*$!
{
	archiveVersion = 1;
	classes = {
	};
	objectVersion = 56;
	objects = {

/* Begin PBXBuildFile section */
		71844D892B8FED4600D43FFE /* AppDelegate.swift in Sources */ = {isa = PBXBuildFile; fileRef = 71844D882B8FED4600D43FFE /* AppDelegate.swift */; };
		71844D8B2B8FED4600D43FFE /* SceneDelegate.swift in Sources */ = {isa = PBXBuildFile; fileRef = 71844D8A2B8FED4600D43FFE /* SceneDelegate.swift */; };
		71844D8D2B8FED4600D43FFE /* IntroViewController.swift in Sources */ = {isa = PBXBuildFile; fileRef = 71844D8C2B8FED4600D43FFE /* IntroViewController.swift */; };
		71844D902B8FED4600D43FFE /* Main.storyboard in Resources */ = {isa = PBXBuildFile; fileRef = 71844D8E2B8FED4600D43FFE /* Main.storyboard */; };
		71844D922B8FED4700D43FFE /* Assets.xcassets in Resources */ = {isa = PBXBuildFile; fileRef = 71844D912B8FED4700D43FFE /* Assets.xcassets */; };
		71844D952B8FED4700D43FFE /* LaunchScreen.storyboard in Resources */ = {isa = PBXBuildFile; fileRef = 71844D932B8FED4700D43FFE /* LaunchScreen.storyboard */; };
		71844D9D2B8FF25900D43FFE /* Constant.swift in Sources */ = {isa = PBXBuildFile; fileRef = 71844D9C2B8FF25900D43FFE /* Constant.swift */; };
/* End PBXBuildFile section */

/* Begin PBXFileReference section */
		71844D852B8FED4600D43FFE /* EduScope.app */ = {isa = PBXFileReference; explicitFileType = wrapper.application; includeInIndex = 0; path = EduScope.app; sourceTree = BUILT_PRODUCTS_DIR; };
		71844D882B8FED4600D43FFE /* AppDelegate.swift */ = {isa = PBXFileReference; lastKnownFileType = sourcecode.swift; path = AppDelegate.swift; sourceTree = "<group>"; };
		71844D8A2B8FED4600D43FFE /* SceneDelegate.swift */ = {isa = PBXFileReference; lastKnownFileType = sourcecode.swift; path = SceneDelegate.swift; sourceTree = "<group>"; };
		71844D8C2B8FED4600D43FFE /* IntroViewController.swift */ = {isa = PBXFileReference; lastKnownFileType = sourcecode.swift; path = IntroViewController.swift; sourceTree = "<group>"; };
		71844D8F2B8FED4600D43FFE /* Base */ = {isa = PBXFileReference; lastKnownFileType = file.storyboard; name = Base; path = Base.lproj/Main.storyboard; sourceTree = "<group>"; };
		71844D912B8FED4700D43FFE /* Assets.xcassets */ = {isa = PBXFileReference; lastKnownFileType = folder.assetcatalog; path = Assets.xcassets; sourceTree = "<group>"; };
		71844D942B8FED4700D43FFE /* Base */ = {isa = PBXFileReference; lastKnownFileType = file.storyboard; name = Base; path = Base.lproj/LaunchScreen.storyboard; sourceTree = "<group>"; };
		71844D962B8FED4700D43FFE /* Info.plist */ = {isa = PBXFileReference; lastKnownFileType = text.plist.xml; path = Info.plist; sourceTree = "<group>"; };
		71844D9C2B8FF25900D43FFE /* Constant.swift */ = {isa = PBXFileReference; lastKnownFileType = sourcecode.swift; path = Constant.swift; sourceTree = "<group>"; };
/* End PBXFileReference section */

/* Begin PBXFrameworksBuildPhase section */
		71844D822B8FED4600D43FFE /* Frameworks */ = {
			isa = PBXFrameworksBuildPhase;
			buildActionMask = 2147483647;
			files = (
			);
			runOnlyForDeploymentPostprocessing = 0;
		};
/* End PBXFrameworksBuildPhase section */

/* Begin PBXGroup section */
		71844D7C2B8FED4600D43FFE = {
			isa = PBXGroup;
			children = (
				71844D872B8FED4600D43FFE /* EduScope */,
				71844D862B8FED4600D43FFE /* Products */,
			);
			sourceTree = "<group>";
		};
		71844D862B8FED4600D43FFE /* Products */ = {
			isa = PBXGroup;
			children = (
				71844D852B8FED4600D43FFE /* EduScope.app */,
			);
			name = Products;
			sourceTree = "<group>";
		};
		71844D872B8FED4600D43FFE /* EduScope */ = {
			isa = PBXGroup;
			children = (
				71844D882B8FED4600D43FFE /* AppDelegate.swift */,
				71844D8A2B8FED4600D43FFE /* SceneDelegate.swift */,
				71844D9C2B8FF25900D43FFE /* Constant.swift */,
				71844DA02B8FF42300D43FFE /* Model */,
				71844D9F2B8FF40A00D43FFE /* Controller */,
				71844D9E2B8FF40100D43FFE /* View */,
				71844D912B8FED4700D43FFE /* Assets.xcassets */,
				71844D962B8FED4700D43FFE /* Info.plist */,
			);
			path = EduScope;
			sourceTree = "<group>";
		};
		71844D9E2B8FF40100D43FFE /* View */ = {
			isa = PBXGroup;
			children = (
				71844D8E2B8FED4600D43FFE /* Main.storyboard */,
				71844D932B8FED4700D43FFE /* LaunchScreen.storyboard */,
			);
			path = View;
			sourceTree = "<group>";
		};
		71844D9F2B8FF40A00D43FFE /* Controller */ = {
			isa = PBXGroup;
			children = (
				71844D8C2B8FED4600D43FFE /* IntroViewController.swift */,
			);
			path = Controller;
			sourceTree = "<group>";
		};
		71844DA02B8FF42300D43FFE /* Model */ = {
			isa = PBXGroup;
			children = (
			);
			path = Model;
			sourceTree = "<group>";
		};
/* End PBXGroup section */

/* Begin PBXNativeTarget section */
		71844D842B8FED4600D43FFE /* EduScope */ = {
			isa = PBXNativeTarget;
			buildConfigurationList = 71844D992B8FED4700D43FFE /* Build configuration list for PBXNativeTarget "EduScope" */;
			buildPhases = (
				71844D812B8FED4600D43FFE /* Sources */,
				71844D822B8FED4600D43FFE /* Frameworks */,
				71844D832B8FED4600D43FFE /* Resources */,
			);
			buildRules = (
			);
			dependencies = (
			);
			name = EduScope;
			productName = EduScope;
			productReference = 71844D852B8FED4600D43FFE /* EduScope.app */;
			productType = "com.apple.product-type.application";
		};
/* End PBXNativeTarget section */

/* Begin PBXProject section */
		71844D7D2B8FED4600D43FFE /* Project object */ = {
			isa = PBXProject;
			attributes = {
				BuildIndependentTargetsInParallel = 1;
				LastSwiftUpdateCheck = 1420;
				LastUpgradeCheck = 1420;
				TargetAttributes = {
					71844D842B8FED4600D43FFE = {
						CreatedOnToolsVersion = 14.2;
					};
				};
			};
			buildConfigurationList = 71844D802B8FED4600D43FFE /* Build configuration list for PBXProject "EduScope" */;
			compatibilityVersion = "Xcode 14.0";
			developmentRegion = en;
			hasScannedForEncodings = 0;
			knownRegions = (
				en,
				Base,
			);
			mainGroup = 71844D7C2B8FED4600D43FFE;
			productRefGroup = 71844D862B8FED4600D43FFE /* Products */;
			projectDirPath = "";
			projectRoot = "";
			targets = (
				71844D842B8FED4600D43FFE /* EduScope */,
			);
		};
/* End PBXProject section */

/* Begin PBXResourcesBuildPhase section */
		71844D832B8FED4600D43FFE /* Resources */ = {
			isa = PBXResourcesBuildPhase;
			buildActionMask = 2147483647;
			files = (
				71844D952B8FED4700D43FFE /* LaunchScreen.storyboard in Resources */,
				71844D922B8FED4700D43FFE /* Assets.xcassets in Resources */,
				71844D902B8FED4600D43FFE /* Main.storyboard in Resources */,
			);
			runOnlyForDeploymentPostprocessing = 0;
		};
/* End PBXResourcesBuildPhase section */

/* Begin PBXSourcesBuildPhase section */
		71844D812B8FED4600D43FFE /* Sources */ = {
			isa = PBXSourcesBuildPhase;
			buildActionMask = 2147483647;
			files = (
				71844D8D2B8FED4600D43FFE /* IntroViewController.swift in Sources */,
				71844D892B8FED4600D43FFE /* AppDelegate.swift in Sources */,
				71844D8B2B8FED4600D43FFE /* SceneDelegate.swift in Sources */,
				71844D9D2B8FF25900D43FFE /* Constant.swift in Sources */,
			);
			runOnlyForDeploymentPostprocessing = 0;
		};
/* End PBXSourcesBuildPhase section */

/* Begin PBXVariantGroup section */
		71844D8E2B8FED4600D43FFE /* Main.storyboard */ = {
			isa = PBXVariantGroup;
			children = (
				71844D8F2B8FED4600D43FFE /* Base */,
			);
			name = Main.storyboard;
			sourceTree = "<group>";
		};
		71844D932B8FED4700D43FFE /* LaunchScreen.storyboard */ = {
			isa = PBXVariantGroup;
			children = (
				71844D942B8FED4700D43FFE /* Base */,
			);
			name = LaunchScreen.storyboard;
			sourceTree = "<group>";
		};
/* End PBXVariantGroup section */

/* Begin XCBuildConfiguration section */
		71844D972B8FED4700D43FFE /* Debug */ = {
			isa = XCBuildConfiguration;
			buildSettings = {
				ALWAYS_SEARCH_USER_PATHS = NO;
				CLANG_ANALYZER_NONNULL = YES;
				CLANG_ANALYZER_NUMBER_OBJECT_CONVERSION = YES_AGGRESSIVE;
				CLANG_CXX_LANGUAGE_STANDARD = "gnu++20";
				CLANG_ENABLE_MODULES = YES;
				CLANG_ENABLE_OBJC_ARC = YES;
				CLANG_ENABLE_OBJC_WEAK = YES;
				CLANG_WARN_BLOCK_CAPTURE_AUTORELEASING = YES;
				CLANG_WARN_BOOL_CONVERSION = YES;
				CLANG_WARN_COMMA = YES;
				CLANG_WARN_CONSTANT_CONVERSION = YES;
				CLANG_WARN_DEPRECATED_OBJC_IMPLEMENTATIONS = YES;
				CLANG_WARN_DIRECT_OBJC_ISA_USAGE = YES_ERROR;
				CLANG_WARN_DOCUMENTATION_COMMENTS = YES;
				CLANG_WARN_EMPTY_BODY = YES;
				CLANG_WARN_ENUM_CONVERSION = YES;
				CLANG_WARN_INFINITE_RECURSION = YES;
				CLANG_WARN_INT_CONVERSION = YES;
				CLANG_WARN_NON_LITERAL_NULL_CONVERSION = YES;
				CLANG_WARN_OBJC_IMPLICIT_RETAIN_SELF = YES;
				CLANG_WARN_OBJC_LITERAL_CONVERSION = YES;
				CLANG_WARN_OBJC_ROOT_CLASS = YES_ERROR;
				CLANG_WARN_QUOTED_INCLUDE_IN_FRAMEWORK_HEADER = YES;
				CLANG_WARN_RANGE_LOOP_ANALYSIS = YES;
				CLANG_WARN_STRICT_PROTOTYPES = YES;
				CLANG_WARN_SUSPICIOUS_MOVE = YES;
				CLANG_WARN_UNGUARDED_AVAILABILITY = YES_AGGRESSIVE;
				CLANG_WARN_UNREACHABLE_CODE = YES;
				CLANG_WARN__DUPLICATE_METHOD_MATCH = YES;
				COPY_PHASE_STRIP = NO;
				DEBUG_INFORMATION_FORMAT = dwarf;
				ENABLE_STRICT_OBJC_MSGSEND = YES;
				ENABLE_TESTABILITY = YES;
				GCC_C_LANGUAGE_STANDARD = gnu11;
				GCC_DYNAMIC_NO_PIC = NO;
				GCC_NO_COMMON_BLOCKS = YES;
				GCC_OPTIMIZATION_LEVEL = 0;
				GCC_PREPROCESSOR_DEFINITIONS = (
					"DEBUG=1",
					"$(inherited)",
				);
				GCC_WARN_64_TO_32_BIT_CONVERSION = YES;
				GCC_WARN_ABOUT_RETURN_TYPE = YES_ERROR;
				GCC_WARN_UNDECLARED_SELECTOR = YES;
				GCC_WARN_UNINITIALIZED_AUTOS = YES_AGGRESSIVE;
				GCC_WARN_UNUSED_FUNCTION = YES;
				GCC_WARN_UNUSED_VARIABLE = YES;
				IPHONEOS_DEPLOYMENT_TARGET = 16.2;
				MTL_ENABLE_DEBUG_INFO = INCLUDE_SOURCE;
				MTL_FAST_MATH = YES;
				ONLY_ACTIVE_ARCH = YES;
				SDKROOT = iphoneos;
				SWIFT_ACTIVE_COMPILATION_CONDITIONS = DEBUG;
				SWIFT_OPTIMIZATION_LEVEL = "-Onone";
			};
			name = Debug;
		};
		71844D982B8FED4700D43FFE /* Release */ = {
			isa = XCBuildConfiguration;
			buildSettings = {
				ALWAYS_SEARCH_USER_PATHS = NO;
				CLANG_ANALYZER_NONNULL = YES;
				CLANG_ANALYZER_NUMBER_OBJECT_CONVERSION = YES_AGGRESSIVE;
				CLANG_CXX_LANGUAGE_STANDARD = "gnu++20";
				CLANG_ENABLE_MODULES = YES;
				CLANG_ENABLE_OBJC_ARC = YES;
				CLANG_ENABLE_OBJC_WEAK = YES;
				CLANG_WARN_BLOCK_CAPTURE_AUTORELEASING = YES;
				CLANG_WARN_BOOL_CONVERSION = YES;
				CLANG_WARN_COMMA = YES;
				CLANG_WARN_CONSTANT_CONVERSION = YES;
				CLANG_WARN_DEPRECATED_OBJC_IMPLEMENTATIONS = YES;
				CLANG_WARN_DIRECT_OBJC_ISA_USAGE = YES_ERROR;
				CLANG_WARN_DOCUMENTATION_COMMENTS = YES;
				CLANG_WARN_EMPTY_BODY = YES;
				CLANG_WARN_ENUM_CONVERSION = YES;
				CLANG_WARN_INFINITE_RECURSION = YES;
				CLANG_WARN_INT_CONVERSION = YES;
				CLANG_WARN_NON_LITERAL_NULL_CONVERSION = YES;
				CLANG_WARN_OBJC_IMPLICIT_RETAIN_SELF = YES;
				CLANG_WARN_OBJC_LITERAL_CONVERSION = YES;
				CLANG_WARN_OBJC_ROOT_CLASS = YES_ERROR;
				CLANG_WARN_QUOTED_INCLUDE_IN_FRAMEWORK_HEADER = YES;
				CLANG_WARN_RANGE_LOOP_ANALYSIS = YES;
				CLANG_WARN_STRICT_PROTOTYPES = YES;
				CLANG_WARN_SUSPICIOUS_MOVE = YES;
				CLANG_WARN_UNGUARDED_AVAILABILITY = YES_AGGRESSIVE;
				CLANG_WARN_UNREACHABLE_CODE = YES;
				CLANG_WARN__DUPLICATE_METHOD_MATCH = YES;
				COPY_PHASE_STRIP = NO;
				DEBUG_INFORMATION_FORMAT = "dwarf-with-dsym";
				ENABLE_NS_ASSERTIONS = NO;
				ENABLE_STRICT_OBJC_MSGSEND = YES;
				GCC_C_LANGUAGE_STANDARD = gnu11;
				GCC_NO_COMMON_BLOCKS = YES;
				GCC_WARN_64_TO_32_BIT_CONVERSION = YES;
				GCC_WARN_ABOUT_RETURN_TYPE = YES_ERROR;
				GCC_WARN_UNDECLARED_SELECTOR = YES;
				GCC_WARN_UNINITIALIZED_AUTOS = YES_AGGRESSIVE;
				GCC_WARN_UNUSED_FUNCTION = YES;
				GCC_WARN_UNUSED_VARIABLE = YES;
				IPHONEOS_DEPLOYMENT_TARGET = 16.2;
				MTL_ENABLE_DEBUG_INFO = NO;
				MTL_FAST_MATH = YES;
				SDKROOT = iphoneos;
				SWIFT_COMPILATION_MODE = wholemodule;
				SWIFT_OPTIMIZATION_LEVEL = "-O";
				VALIDATE_PRODUCT = YES;
			};
			name = Release;
		};
		71844D9A2B8FED4700D43FFE /* Debug */ = {
			isa = XCBuildConfiguration;
			buildSettings = {
				ASSETCATALOG_COMPILER_APPICON_NAME = AppIcon;
				ASSETCATALOG_COMPILER_GLOBAL_ACCENT_COLOR_NAME = AccentColor;
				CODE_SIGN_STYLE = Automatic;
				CURRENT_PROJECT_VERSION = 1;
				GENERATE_INFOPLIST_FILE = YES;
				INFOPLIST_FILE = EduScope/Info.plist;
				INFOPLIST_KEY_UIApplicationSupportsIndirectInputEvents = YES;
				INFOPLIST_KEY_UILaunchStoryboardName = LaunchScreen;
				INFOPLIST_KEY_UIMainStoryboardFile = Main;
				INFOPLIST_KEY_UISupportedInterfaceOrientations_iPad = "UIInterfaceOrientationPortrait UIInterfaceOrientationPortraitUpsideDown UIInterfaceOrientationLandscapeLeft UIInterfaceOrientationLandscapeRight";
				INFOPLIST_KEY_UISupportedInterfaceOrientations_iPhone = "UIInterfaceOrientationPortrait UIInterfaceOrientationLandscapeLeft UIInterfaceOrientationLandscapeRight";
				LD_RUNPATH_SEARCH_PATHS = (
					"$(inherited)",
					"@executable_path/Frameworks",
				);
				MARKETING_VERSION = 1.0;
				PRODUCT_BUNDLE_IDENTIFIER = com.Krish.EduScope;
				PRODUCT_NAME = "$(TARGET_NAME)";
				SWIFT_EMIT_LOC_STRINGS = YES;
				SWIFT_VERSION = 5.0;
				TARGETED_DEVICE_FAMILY = "1,2";
			};
			name = Debug;
		};
		71844D9B2B8FED4700D43FFE /* Release */ = {
			isa = XCBuildConfiguration;
			buildSettings = {
				ASSETCATALOG_COMPILER_APPICON_NAME = AppIcon;
				ASSETCATALOG_COMPILER_GLOBAL_ACCENT_COLOR_NAME = AccentColor;
				CODE_SIGN_STYLE = Automatic;
				CURRENT_PROJECT_VERSION = 1;
				GENERATE_INFOPLIST_FILE = YES;
				INFOPLIST_FILE = EduScope/Info.plist;
				INFOPLIST_KEY_UIApplicationSupportsIndirectInputEvents = YES;
				INFOPLIST_KEY_UILaunchStoryboardName = LaunchScreen;
				INFOPLIST_KEY_UIMainStoryboardFile = Main;
				INFOPLIST_KEY_UISupportedInterfaceOrientations_iPad = "UIInterfaceOrientationPortrait UIInterfaceOrientationPortraitUpsideDown UIInterfaceOrientationLandscapeLeft UIInterfaceOrientationLandscapeRight";
				INFOPLIST_KEY_UISupportedInterfaceOrientations_iPhone = "UIInterfaceOrientationPortrait UIInterfaceOrientationLandscapeLeft UIInterfaceOrientationLandscapeRight";
				LD_RUNPATH_SEARCH_PATHS = (
					"$(inherited)",
					"@executable_path/Frameworks",
				);
				MARKETING_VERSION = 1.0;
				PRODUCT_BUNDLE_IDENTIFIER = com.Krish.EduScope;
				PRODUCT_NAME = "$(TARGET_NAME)";
				SWIFT_EMIT_LOC_STRINGS = YES;
				SWIFT_VERSION = 5.0;
				TARGETED_DEVICE_FAMILY = "1,2";
			};
			name = Release;
		};
/* End XCBuildConfiguration section */

/* Begin XCConfigurationList section */
		71844D802B8FED4600D43FFE /* Build configuration list for PBXProject "EduScope" */ = {
			isa = XCConfigurationList;
			buildConfigurations = (
				71844D972B8FED4700D43FFE /* Debug */,
				71844D982B8FED4700D43FFE /* Release */,
			);
			defaultConfigurationIsVisible = 0;
			defaultConfigurationName = Release;
		};
		71844D992B8FED4700D43FFE /* Build configuration list for PBXNativeTarget "EduScope" */ = {
			isa = XCConfigurationList;
			buildConfigurations = (
				71844D9A2B8FED4700D43FFE /* Debug */,
				71844D9B2B8FED4700D43FFE /* Release */,
			);
			defaultConfigurationIsVisible = 0;
			defaultConfigurationName = Release;
		};
/* End XCConfigurationList section */
	};
	rootObject = 71844D7D2B8FED4600D43FFE /* Project object */;
}
